// !$*UTF8*$!
{
	archiveVersion = 1;
	classes = {
	};
	objectVersion = 46;
	objects = {

/* Begin PBXBuildFile section */
		1D3623260D0F684500981E51 /* SoftModemTerminalAppDelegate.m in Sources */ = {isa = PBXBuildFile; fileRef = 1D3623250D0F684500981E51 /* SoftModemTerminalAppDelegate.m */; };
		1D60589B0D05DD56006BFB54 /* main.m in Sources */ = {isa = PBXBuildFile; fileRef = 29B97316FDCFA39411CA2CEA /* main.m */; };
		1D60589F0D05DD5A006BFB54 /* Foundation.framework in Frameworks */ = {isa = PBXBuildFile; fileRef = 1D30AB110D05D00D00671497 /* Foundation.framework */; };
		1DF5F4E00D08C38300B7A737 /* UIKit.framework in Frameworks */ = {isa = PBXBuildFile; fileRef = 1DF5F4DF0D08C38300B7A737 /* UIKit.framework */; };
		280E754D0DD40C5E005A515E /* FlipsideView.xib in Resources */ = {isa = PBXBuildFile; fileRef = 280E754A0DD40C5E005A515E /* FlipsideView.xib */; };
		280E754E0DD40C5E005A515E /* MainView.xib in Resources */ = {isa = PBXBuildFile; fileRef = 280E754B0DD40C5E005A515E /* MainView.xib */; };
		280E754F0DD40C5E005A515E /* MainWindow.xib in Resources */ = {isa = PBXBuildFile; fileRef = 280E754C0DD40C5E005A515E /* MainWindow.xib */; };
		288765590DF743DE002DB57D /* CoreGraphics.framework in Frameworks */ = {isa = PBXBuildFile; fileRef = 288765580DF743DE002DB57D /* CoreGraphics.framework */; };
		289233AE0DB2D0DB0083E9F9 /* MainViewController.m in Sources */ = {isa = PBXBuildFile; fileRef = 289233A90DB2D0DB0083E9F9 /* MainViewController.m */; };
		289233B00DB2D0DB0083E9F9 /* FlipsideViewController.m in Sources */ = {isa = PBXBuildFile; fileRef = 289233AD0DB2D0DB0083E9F9 /* FlipsideViewController.m */; };
		7000540711E5FD1200ED71EB /* AVFoundation.framework in Frameworks */ = {isa = PBXBuildFile; fileRef = 7000540611E5FD1200ED71EB /* AVFoundation.framework */; };
		701604BD12007C9E00219742 /* InfoPlist.strings in Resources */ = {isa = PBXBuildFile; fileRef = 701604BC12007C9E00219742 /* InfoPlist.strings */; };
		702E1D02118D265F00141E6A /* AudioQueueObject.m in Sources */ = {isa = PBXBuildFile; fileRef = 702E1CF5118D265F00141E6A /* AudioQueueObject.m */; };
		702E1D03118D265F00141E6A /* AudioSignalAnalyzer.m in Sources */ = {isa = PBXBuildFile; fileRef = 702E1CF7118D265F00141E6A /* AudioSignalAnalyzer.m */; };
		702E1D04118D265F00141E6A /* AudioSignalGenerator.m in Sources */ = {isa = PBXBuildFile; fileRef = 702E1CF9118D265F00141E6A /* AudioSignalGenerator.m */; };
		702E1D05118D265F00141E6A /* FSKRecognizer.mm in Sources */ = {isa = PBXBuildFile; fileRef = 702E1CFB118D265F00141E6A /* FSKRecognizer.mm */; };
		702E1D07118D265F00141E6A /* MultiDelegate.m in Sources */ = {isa = PBXBuildFile; fileRef = 702E1D00118D265F00141E6A /* MultiDelegate.m */; };
		702E1D1D118D270B00141E6A /* AudioToolbox.framework in Frameworks */ = {isa = PBXBuildFile; fileRef = 702E1D1C118D270B00141E6A /* AudioToolbox.framework */; };
		7040352411FF1E110092C795 /* icon.png in Resources */ = {isa = PBXBuildFile; fileRef = 7040352311FF1E110092C795 /* icon.png */; };
		7061347B11F870BA00E36A4D /* FSKSerialGenerator.mm in Sources */ = {isa = PBXBuildFile; fileRef = 7061347A11F870BA00E36A4D /* FSKSerialGenerator.mm */; };
/* End PBXBuildFile section */

/* Begin PBXFileReference section */
		1D30AB110D05D00D00671497 /* Foundation.framework */ = {isa = PBXFileReference; lastKnownFileType = wrapper.framework; name = Foundation.framework; path = System/Library/Frameworks/Foundation.framework; sourceTree = SDKROOT; };
		1D3623240D0F684500981E51 /* SoftModemTerminalAppDelegate.h */ = {isa = PBXFileReference; fileEncoding = 4; lastKnownFileType = sourcecode.c.h; path = SoftModemTerminalAppDelegate.h; sourceTree = "<group>"; };
		1D3623250D0F684500981E51 /* SoftModemTerminalAppDelegate.m */ = {isa = PBXFileReference; fileEncoding = 4; lastKnownFileType = sourcecode.c.objc; path = SoftModemTerminalAppDelegate.m; sourceTree = "<group>"; };
		1DF5F4DF0D08C38300B7A737 /* UIKit.framework */ = {isa = PBXFileReference; lastKnownFileType = wrapper.framework; name = UIKit.framework; path = System/Library/Frameworks/UIKit.framework; sourceTree = SDKROOT; };
		280E754A0DD40C5E005A515E /* FlipsideView.xib */ = {isa = PBXFileReference; lastKnownFileType = file.xib; path = FlipsideView.xib; sourceTree = "<group>"; };
		280E754B0DD40C5E005A515E /* MainView.xib */ = {isa = PBXFileReference; lastKnownFileType = file.xib; path = MainView.xib; sourceTree = "<group>"; };
		280E754C0DD40C5E005A515E /* MainWindow.xib */ = {isa = PBXFileReference; lastKnownFileType = file.xib; path = MainWindow.xib; sourceTree = "<group>"; };
		288765580DF743DE002DB57D /* CoreGraphics.framework */ = {isa = PBXFileReference; lastKnownFileType = wrapper.framework; name = CoreGraphics.framework; path = System/Library/Frameworks/CoreGraphics.framework; sourceTree = SDKROOT; };
		289233A80DB2D0DB0083E9F9 /* MainViewController.h */ = {isa = PBXFileReference; fileEncoding = 4; lastKnownFileType = sourcecode.c.h; name = MainViewController.h; path = Classes/MainViewController.h; sourceTree = "<group>"; };
		289233A90DB2D0DB0083E9F9 /* MainViewController.m */ = {isa = PBXFileReference; fileEncoding = 4; lastKnownFileType = sourcecode.c.objc; name = MainViewController.m; path = Classes/MainViewController.m; sourceTree = "<group>"; };
		289233AC0DB2D0DB0083E9F9 /* FlipsideViewController.h */ = {isa = PBXFileReference; fileEncoding = 4; lastKnownFileType = sourcecode.c.h; name = FlipsideViewController.h; path = Classes/FlipsideViewController.h; sourceTree = "<group>"; };
		289233AD0DB2D0DB0083E9F9 /* FlipsideViewController.m */ = {isa = PBXFileReference; fileEncoding = 4; lastKnownFileType = sourcecode.c.objc; name = FlipsideViewController.m; path = Classes/FlipsideViewController.m; sourceTree = "<group>"; };
		29B97316FDCFA39411CA2CEA /* main.m */ = {isa = PBXFileReference; fileEncoding = 4; lastKnownFileType = sourcecode.c.objc; path = main.m; sourceTree = "<group>"; };
		32CA4F630368D1EE00C91783 /* SoftModemTerminal_Prefix.pch */ = {isa = PBXFileReference; fileEncoding = 4; lastKnownFileType = sourcecode.c.h; path = SoftModemTerminal_Prefix.pch; sourceTree = "<group>"; };
		7000540611E5FD1200ED71EB /* AVFoundation.framework */ = {isa = PBXFileReference; lastKnownFileType = wrapper.framework; name = AVFoundation.framework; path = System/Library/Frameworks/AVFoundation.framework; sourceTree = SDKROOT; };
		701604B512007C4100219742 /* English */ = {isa = PBXFileReference; fileEncoding = 4; lastKnownFileType = text.plist.strings; name = English; path = English.lproj/InfoPlist.strings; sourceTree = "<group>"; };
		701604BE12007CA400219742 /* ja */ = {isa = PBXFileReference; fileEncoding = 10; lastKnownFileType = text.plist.strings; name = ja; path = ja.lproj/InfoPlist.strings; sourceTree = "<group>"; };
		702E1CF4118D265F00141E6A /* AudioQueueObject.h */ = {isa = PBXFileReference; fileEncoding = 4; lastKnownFileType = sourcecode.c.h; name = AudioQueueObject.h; path = Classes/AudioQueueObject.h; sourceTree = "<group>"; };
		702E1CF5118D265F00141E6A /* AudioQueueObject.m */ = {isa = PBXFileReference; fileEncoding = 4; lastKnownFileType = sourcecode.c.objc; name = AudioQueueObject.m; path = Classes/AudioQueueObject.m; sourceTree = "<group>"; };
		702E1CF6118D265F00141E6A /* AudioSignalAnalyzer.h */ = {isa = PBXFileReference; fileEncoding = 4; lastKnownFileType = sourcecode.c.h; name = AudioSignalAnalyzer.h; path = Classes/AudioSignalAnalyzer.h; sourceTree = "<group>"; };
		702E1CF7118D265F00141E6A /* AudioSignalAnalyzer.m */ = {isa = PBXFileReference; fileEncoding = 4; lastKnownFileType = sourcecode.c.objc; name = AudioSignalAnalyzer.m; path = Classes/AudioSignalAnalyzer.m; sourceTree = "<group>"; };
		702E1CF8118D265F00141E6A /* AudioSignalGenerator.h */ = {isa = PBXFileReference; fileEncoding = 4; lastKnownFileType = sourcecode.c.h; name = AudioSignalGenerator.h; path = Classes/AudioSignalGenerator.h; sourceTree = "<group>"; };
		702E1CF9118D265F00141E6A /* AudioSignalGenerator.m */ = {isa = PBXFileReference; fileEncoding = 4; lastKnownFileType = sourcecode.c.objc; name = AudioSignalGenerator.m; path = Classes/AudioSignalGenerator.m; sourceTree = "<group>"; };
		702E1CFA118D265F00141E6A /* FSKRecognizer.h */ = {isa = PBXFileReference; fileEncoding = 4; lastKnownFileType = sourcecode.c.h; name = FSKRecognizer.h; path = Classes/FSKRecognizer.h; sourceTree = "<group>"; };
		702E1CFB118D265F00141E6A /* FSKRecognizer.mm */ = {isa = PBXFileReference; fileEncoding = 4; lastKnownFileType = sourcecode.cpp.objcpp; name = FSKRecognizer.mm; path = Classes/FSKRecognizer.mm; sourceTree = "<group>"; };
		702E1CFC118D265F00141E6A /* FSKSerialGenerator.h */ = {isa = PBXFileReference; fileEncoding = 4; lastKnownFileType = sourcecode.c.h; name = FSKSerialGenerator.h; path = Classes/FSKSerialGenerator.h; sourceTree = "<group>"; };
		702E1CFE118D265F00141E6A /* lockfree.h */ = {isa = PBXFileReference; fileEncoding = 4; lastKnownFileType = sourcecode.c.h; name = lockfree.h; path = Classes/lockfree.h; sourceTree = "<group>"; };
		702E1CFF118D265F00141E6A /* MultiDelegate.h */ = {isa = PBXFileReference; fileEncoding = 4; lastKnownFileType = sourcecode.c.h; name = MultiDelegate.h; path = Classes/MultiDelegate.h; sourceTree = "<group>"; };
		702E1D00118D265F00141E6A /* MultiDelegate.m */ = {isa = PBXFileReference; fileEncoding = 4; lastKnownFileType = sourcecode.c.objc; name = MultiDelegate.m; path = Classes/MultiDelegate.m; sourceTree = "<group>"; };
		702E1D01118D265F00141E6A /* PatternRecognizer.h */ = {isa = PBXFileReference; fileEncoding = 4; lastKnownFileType = sourcecode.c.h; name = PatternRecognizer.h; path = Classes/PatternRecognizer.h; sourceTree = "<group>"; };
		702E1D1C118D270B00141E6A /* AudioToolbox.framework */ = {isa = PBXFileReference; lastKnownFileType = wrapper.framework; name = AudioToolbox.framework; path = System/Library/Frameworks/AudioToolbox.framework; sourceTree = SDKROOT; };
		702E1D58118D287600141E6A /* CharReceiver.h */ = {isa = PBXFileReference; fileEncoding = 4; lastKnownFileType = sourcecode.c.h; name = CharReceiver.h; path = Classes/CharReceiver.h; sourceTree = "<group>"; };
		7040352311FF1E110092C795 /* icon.png */ = {isa = PBXFileReference; lastKnownFileType = image.png; path = icon.png; sourceTree = "<group>"; };
		705809F711FDCC2C000F6C1D /* Entitlements.plist */ = {isa = PBXFileReference; fileEncoding = 4; lastKnownFileType = text.plist.xml; path = Entitlements.plist; sourceTree = "<group>"; };
		7061347A11F870BA00E36A4D /* FSKSerialGenerator.mm */ = {isa = PBXFileReference; fileEncoding = 4; lastKnownFileType = sourcecode.cpp.objcpp; name = FSKSerialGenerator.mm; path = Classes/FSKSerialGenerator.mm; sourceTree = "<group>"; };
		7061347C11F870DA00E36A4D /* FSKByteQueue.h */ = {isa = PBXFileReference; fileEncoding = 4; lastKnownFileType = sourcecode.c.h; name = FSKByteQueue.h; path = Classes/FSKByteQueue.h; sourceTree = "<group>"; };
		70BA824C11BA507600005CF1 /* AcousticMessage.app */ = {isa = PBXFileReference; explicitFileType = wrapper.application; includeInIndex = 0; path = AcousticMessage.app; sourceTree = BUILT_PRODUCTS_DIR; };
		70D1A3A71192DE50009B9356 /* FSKModemConfig.h */ = {isa = PBXFileReference; fileEncoding = 4; lastKnownFileType = sourcecode.c.h; name = FSKModemConfig.h; path = Classes/FSKModemConfig.h; sourceTree = "<group>"; };
		8D1107310486CEB800E47090 /* SoftModemTerminal-Info.plist */ = {isa = PBXFileReference; fileEncoding = 4; lastKnownFileType = text.plist.xml; path = "SoftModemTerminal-Info.plist"; plistStructureDefinitionIdentifier = "com.apple.xcode.plist.structure-definition.iphone.info-plist"; sourceTree = "<group>"; };
/* End PBXFileReference section */

/* Begin PBXFrameworksBuildPhase section */
		1D60588F0D05DD3D006BFB54 /* Frameworks */ = {
			isa = PBXFrameworksBuildPhase;
			buildActionMask = 2147483647;
			files = (
				1D60589F0D05DD5A006BFB54 /* Foundation.framework in Frameworks */,
				1DF5F4E00D08C38300B7A737 /* UIKit.framework in Frameworks */,
				288765590DF743DE002DB57D /* CoreGraphics.framework in Frameworks */,
				702E1D1D118D270B00141E6A /* AudioToolbox.framework in Frameworks */,
				7000540711E5FD1200ED71EB /* AVFoundation.framework in Frameworks */,
			);
			runOnlyForDeploymentPostprocessing = 0;
		};
/* End PBXFrameworksBuildPhase section */

/* Begin PBXGroup section */
		080E96DDFE201D6D7F000001 /* Application Delegate */ = {
			isa = PBXGroup;
			children = (
				1D3623240D0F684500981E51 /* SoftModemTerminalAppDelegate.h */,
				1D3623250D0F684500981E51 /* SoftModemTerminalAppDelegate.m */,
			);
			name = "Application Delegate";
			path = Classes;
			sourceTree = "<group>";
		};
		19C28FACFE9D520D11CA2CBB /* Products */ = {
			isa = PBXGroup;
			children = (
				70BA824C11BA507600005CF1 /* AcousticMessage.app */,
			);
			name = Products;
			sourceTree = "<group>";
		};
		281C6CD70DB2D82200F60ACC /* Flipside View */ = {
			isa = PBXGroup;
			children = (
				289233AC0DB2D0DB0083E9F9 /* FlipsideViewController.h */,
				289233AD0DB2D0DB0083E9F9 /* FlipsideViewController.m */,
			);
			name = "Flipside View";
			sourceTree = "<group>";
		};
		289233A00DB2D0730083E9F9 /* Main View */ = {
			isa = PBXGroup;
			children = (
				289233A80DB2D0DB0083E9F9 /* MainViewController.h */,
				289233A90DB2D0DB0083E9F9 /* MainViewController.m */,
			);
			name = "Main View";
			sourceTree = "<group>";
		};
		29B97314FDCFA39411CA2CEA /* CustomTemplate */ = {
			isa = PBXGroup;
			children = (
				702E1CF3118D263A00141E6A /* Audio */,
				289233A00DB2D0730083E9F9 /* Main View */,
				281C6CD70DB2D82200F60ACC /* Flipside View */,
				080E96DDFE201D6D7F000001 /* Application Delegate */,
				29B97315FDCFA39411CA2CEA /* Other Sources */,
				29B97317FDCFA39411CA2CEA /* Resources */,
				29B97323FDCFA39411CA2CEA /* Frameworks */,
				19C28FACFE9D520D11CA2CBB /* Products */,
				705809F711FDCC2C000F6C1D /* Entitlements.plist */,
			);
			name = CustomTemplate;
			sourceTree = "<group>";
		};
		29B97315FDCFA39411CA2CEA /* Other Sources */ = {
			isa = PBXGroup;
			children = (
				32CA4F630368D1EE00C91783 /* SoftModemTerminal_Prefix.pch */,
				29B97316FDCFA39411CA2CEA /* main.m */,
			);
			name = "Other Sources";
			sourceTree = "<group>";
		};
		29B97317FDCFA39411CA2CEA /* Resources */ = {
			isa = PBXGroup;
			children = (
				7040352311FF1E110092C795 /* icon.png */,
				280E754A0DD40C5E005A515E /* FlipsideView.xib */,
				280E754B0DD40C5E005A515E /* MainView.xib */,
				280E754C0DD40C5E005A515E /* MainWindow.xib */,
				8D1107310486CEB800E47090 /* SoftModemTerminal-Info.plist */,
				701604BC12007C9E00219742 /* InfoPlist.strings */,
			);
			name = Resources;
			sourceTree = "<group>";
		};
		29B97323FDCFA39411CA2CEA /* Frameworks */ = {
			isa = PBXGroup;
			children = (
				7000540611E5FD1200ED71EB /* AVFoundation.framework */,
				702E1D1C118D270B00141E6A /* AudioToolbox.framework */,
				1DF5F4DF0D08C38300B7A737 /* UIKit.framework */,
				1D30AB110D05D00D00671497 /* Foundation.framework */,
				288765580DF743DE002DB57D /* CoreGraphics.framework */,
			);
			name = Frameworks;
			sourceTree = "<group>";
		};
		702E1CF3118D263A00141E6A /* Audio */ = {
			isa = PBXGroup;
			children = (
				702E1D58118D287600141E6A /* CharReceiver.h */,
				702E1CF4118D265F00141E6A /* AudioQueueObject.h */,
				702E1CF5118D265F00141E6A /* AudioQueueObject.m */,
				702E1CF6118D265F00141E6A /* AudioSignalAnalyzer.h */,
				702E1CF7118D265F00141E6A /* AudioSignalAnalyzer.m */,
				702E1CF8118D265F00141E6A /* AudioSignalGenerator.h */,
				702E1CF9118D265F00141E6A /* AudioSignalGenerator.m */,
				70D1A3A71192DE50009B9356 /* FSKModemConfig.h */,
				7061347C11F870DA00E36A4D /* FSKByteQueue.h */,
				702E1CFA118D265F00141E6A /* FSKRecognizer.h */,
				702E1CFB118D265F00141E6A /* FSKRecognizer.mm */,
				702E1CFC118D265F00141E6A /* FSKSerialGenerator.h */,
				7061347A11F870BA00E36A4D /* FSKSerialGenerator.mm */,
				702E1CFE118D265F00141E6A /* lockfree.h */,
				702E1CFF118D265F00141E6A /* MultiDelegate.h */,
				702E1D00118D265F00141E6A /* MultiDelegate.m */,
				702E1D01118D265F00141E6A /* PatternRecognizer.h */,
			);
			name = Audio;
			sourceTree = "<group>";
		};
/* End PBXGroup section */

/* Begin PBXNativeTarget section */
		1D6058900D05DD3D006BFB54 /* AcousticMessage */ = {
			isa = PBXNativeTarget;
			buildConfigurationList = 1D6058960D05DD3E006BFB54 /* Build configuration list for PBXNativeTarget "AcousticMessage" */;
			buildPhases = (
				1D60588D0D05DD3D006BFB54 /* Resources */,
				1D60588E0D05DD3D006BFB54 /* Sources */,
				1D60588F0D05DD3D006BFB54 /* Frameworks */,
			);
			buildRules = (
			);
			dependencies = (
			);
			name = AcousticMessage;
			productName = MultiTrigger;
			productReference = 70BA824C11BA507600005CF1 /* AcousticMessage.app */;
			productType = "com.apple.product-type.application";
		};
/* End PBXNativeTarget section */

/* Begin PBXProject section */
		29B97313FDCFA39411CA2CEA /* Project object */ = {
			isa = PBXProject;
			buildConfigurationList = C01FCF4E08A954540054247B /* Build configuration list for PBXProject "SoftModemTerminal" */;
			compatibilityVersion = "Xcode 3.2";
			hasScannedForEncodings = 1;
			knownRegions = (
				English,
				Japanese,
				French,
				German,
				en,
				ja,
			);
			mainGroup = 29B97314FDCFA39411CA2CEA /* CustomTemplate */;
			projectDirPath = "";
			projectRoot = "";
			targets = (
				1D6058900D05DD3D006BFB54 /* AcousticMessage */,
			);
		};
/* End PBXProject section */

/* Begin PBXResourcesBuildPhase section */
		1D60588D0D05DD3D006BFB54 /* Resources */ = {
			isa = PBXResourcesBuildPhase;
			buildActionMask = 2147483647;
			files = (
				280E754D0DD40C5E005A515E /* FlipsideView.xib in Resources */,
				280E754E0DD40C5E005A515E /* MainView.xib in Resources */,
				280E754F0DD40C5E005A515E /* MainWindow.xib in Resources */,
				7040352411FF1E110092C795 /* icon.png in Resources */,
				701604BD12007C9E00219742 /* InfoPlist.strings in Resources */,
			);
			runOnlyForDeploymentPostprocessing = 0;
		};
/* End PBXResourcesBuildPhase section */

/* Begin PBXSourcesBuildPhase section */
		1D60588E0D05DD3D006BFB54 /* Sources */ = {
			isa = PBXSourcesBuildPhase;
			buildActionMask = 2147483647;
			files = (
				1D60589B0D05DD56006BFB54 /* main.m in Sources */,
				1D3623260D0F684500981E51 /* SoftModemTerminalAppDelegate.m in Sources */,
				289233AE0DB2D0DB0083E9F9 /* MainViewController.m in Sources */,
				289233B00DB2D0DB0083E9F9 /* FlipsideViewController.m in Sources */,
				702E1D02118D265F00141E6A /* AudioQueueObject.m in Sources */,
				702E1D03118D265F00141E6A /* AudioSignalAnalyzer.m in Sources */,
				702E1D04118D265F00141E6A /* AudioSignalGenerator.m in Sources */,
				702E1D05118D265F00141E6A /* FSKRecognizer.mm in Sources */,
				702E1D07118D265F00141E6A /* MultiDelegate.m in Sources */,
				7061347B11F870BA00E36A4D /* FSKSerialGenerator.mm in Sources */,
			);
			runOnlyForDeploymentPostprocessing = 0;
		};
/* End PBXSourcesBuildPhase section */

/* Begin PBXVariantGroup section */
		701604BC12007C9E00219742 /* InfoPlist.strings */ = {
			isa = PBXVariantGroup;
			children = (
				701604B512007C4100219742 /* English */,
				701604BE12007CA400219742 /* ja */,
			);
			name = InfoPlist.strings;
			sourceTree = "<group>";
		};
/* End PBXVariantGroup section */

/* Begin XCBuildConfiguration section */
		1D6058940D05DD3E006BFB54 /* Debug */ = {
			isa = XCBuildConfiguration;
			buildSettings = {
				ALWAYS_SEARCH_USER_PATHS = NO;
				CODE_SIGN_ENTITLEMENTS = "~/Desktop/ghost_trunk/SoftModemTerminal/Entitlements.plist";
				"CODE_SIGN_IDENTITY[sdk=iphoneos*]" = "iPhone Developer: yusuke sasaki (W7WQW7YBRV)";
				COPY_PHASE_STRIP = NO;
				GCC_DYNAMIC_NO_PIC = NO;
				GCC_OPTIMIZATION_LEVEL = 0;
				GCC_PRECOMPILE_PREFIX_HEADER = YES;
				GCC_PREFIX_HEADER = SoftModemTerminal_Prefix.pch;
				INFOPLIST_FILE = "SoftModemTerminal-Info.plist";
				IPHONEOS_DEPLOYMENT_TARGET = 3.1.3;
				PRODUCT_NAME = AcousticMessage;
			};
			name = Debug;
		};
		1D6058950D05DD3E006BFB54 /* Release */ = {
			isa = XCBuildConfiguration;
			buildSettings = {
				ALWAYS_SEARCH_USER_PATHS = NO;
				CODE_SIGN_ENTITLEMENTS = "~/Desktop/ghost_trunk/SoftModemTerminal/Entitlements.plist";
				"CODE_SIGN_IDENTITY[sdk=iphoneos*]" = "iPhone Developer: yusuke sasaki (W7WQW7YBRV)";
				COPY_PHASE_STRIP = YES;
				GCC_PRECOMPILE_PREFIX_HEADER = YES;
				GCC_PREFIX_HEADER = SoftModemTerminal_Prefix.pch;
				INFOPLIST_FILE = "SoftModemTerminal-Info.plist";
				IPHONEOS_DEPLOYMENT_TARGET = 3.1.3;
				PRODUCT_NAME = AcousticMessage;
				VALIDATE_PRODUCT = YES;
			};
			name = Release;
		};
		705809F011FDCB6E000F6C1D /* Distribution */ = {
			isa = XCBuildConfiguration;
			buildSettings = {
				ARCHS = "$(ARCHS_STANDARD_32_BIT)";
				"CODE_SIGN_IDENTITY[sdk=iphoneos*]" = "iPhone Distribution: yusuke sasaki";
				GCC_C_LANGUAGE_STANDARD = c99;
				GCC_WARN_ABOUT_RETURN_TYPE = YES;
				GCC_WARN_UNUSED_VARIABLE = YES;
				IPHONEOS_DEPLOYMENT_TARGET = 3.2;
				OTHER_CFLAGS = "-DNS_BLOCK_ASSERTIONS=1";
				PREBINDING = NO;
				"PROVISIONING_PROFILE[sdk=iphoneos*]" = "92C8AB26-6C00-4D1E-AE99-ACCB9104DCCC";
				SDKROOT = iphoneos3.2;
				TARGETED_DEVICE_FAMILY = 1;
			};
			name = Distribution;
		};
		705809F111FDCB6E000F6C1D /* Distribution */ = {
			isa = XCBuildConfiguration;
			buildSettings = {
				ALWAYS_SEARCH_USER_PATHS = NO;
				CODE_SIGN_ENTITLEMENTS = "~/Desktop/ghost_trunk/SoftModemTerminal/Entitlements.plist";
				"CODE_SIGN_IDENTITY[sdk=iphoneos*]" = "iPhone Distribution: yusuke sasaki";
				COPY_PHASE_STRIP = YES;
				GCC_PRECOMPILE_PREFIX_HEADER = YES;
				GCC_PREFIX_HEADER = SoftModemTerminal_Prefix.pch;
				INFOPLIST_FILE = "SoftModemTerminal-Info.plist";
				IPHONEOS_DEPLOYMENT_TARGET = 3.1.3;
				PRODUCT_NAME = AcousticMessage;
				"PROVISIONING_PROFILE[sdk=iphoneos*]" = "BB3454D4-35FB-40F0-99E2-60497E638410";
				SDKROOT = iphoneos3.2;
				VALIDATE_PRODUCT = YES;
			};
			name = Distribution;
		};
		C01FCF4F08A954540054247B /* Debug */ = {
			isa = XCBuildConfiguration;
			buildSettings = {
				ARCHS = "$(ARCHS_STANDARD_32_BIT)";
				"CODE_SIGN_IDENTITY[sdk=iphoneos*]" = "iPhone Developer: yusuke sasaki (W7WQW7YBRV)";
				GCC_C_LANGUAGE_STANDARD = c99;
				GCC_WARN_ABOUT_RETURN_TYPE = YES;
				GCC_WARN_UNUSED_VARIABLE = YES;
				IPHONEOS_DEPLOYMENT_TARGET = 3.2;
				PREBINDING = NO;
				SDKROOT = iphonesimulator3.2;
				TARGETED_DEVICE_FAMILY = 1;
			};
			name = Debug;
		};
		C01FCF5008A954540054247B /* Release */ = {
			isa = XCBuildConfiguration;
			buildSettings = {
				ARCHS = "$(ARCHS_STANDARD_32_BIT)";
				"CODE_SIGN_IDENTITY[sdk=iphoneos*]" = "iPhone Developer: yusuke sasaki (W7WQW7YBRV)";
				GCC_C_LANGUAGE_STANDARD = c99;
				GCC_WARN_ABOUT_RETURN_TYPE = YES;
				GCC_WARN_UNUSED_VARIABLE = YES;
				IPHONEOS_DEPLOYMENT_TARGET = 3.2;
				OTHER_CFLAGS = "-DNS_BLOCK_ASSERTIONS=1";
				PREBINDING = NO;
				SDKROOT = iphonesimulator3.2;
				TARGETED_DEVICE_FAMILY = 1;
			};
			name = Release;
		};
/* End XCBuildConfiguration section */

/* Begin XCConfigurationList section */
		1D6058960D05DD3E006BFB54 /* Build configuration list for PBXNativeTarget "AcousticMessage" */ = {
			isa = XCConfigurationList;
			buildConfigurations = (
				1D6058940D05DD3E006BFB54 /* Debug */,
				1D6058950D05DD3E006BFB54 /* Release */,
				705809F111FDCB6E000F6C1D /* Distribution */,
			);
			defaultConfigurationIsVisible = 0;
			defaultConfigurationName = Release;
		};
		C01FCF4E08A954540054247B /* Build configuration list for PBXProject "SoftModemTerminal" */ = {
			isa = XCConfigurationList;
			buildConfigurations = (
				C01FCF4F08A954540054247B /* Debug */,
				C01FCF5008A954540054247B /* Release */,
				705809F011FDCB6E000F6C1D /* Distribution */,
			);
			defaultConfigurationIsVisible = 0;
			defaultConfigurationName = Release;
		};
/* End XCConfigurationList section */
	};
	rootObject = 29B97313FDCFA39411CA2CEA /* Project object */;
}
